
Microsoft Visual Studio Solution File, Format Version 12.00
# Visual Studio Version 17
VisualStudioVersion = 17.0.31903.59
MinimumVisualStudioVersion = 10.0.40219.1
Project("{2150E333-8FDC-42A3-9474-1A3956D46DE8}") = "01-teoria", "01-teoria", "{348A8E42-9342-40A7-A673-2FADE49E7900}"
EndProject
Project("{2150E333-8FDC-42A3-9474-1A3956D46DE8}") = "unidad-01", "unidad-01", "{AC9B2454-B5E2-40C2-B82F-E966651909EB}"
EndProject
Project("{2150E333-8FDC-42A3-9474-1A3956D46DE8}") = "08-holaMundo", "08-holaMundo", "{64ACA41C-9BE4-4BD5-999D-FA2AF5A9F01D}"
EndProject
Project("{FAE04EC0-301F-11D3-BF4B-00C04F79EFBC}") = "U01_T08_HolaMundo", "01-teoria\unidad-01\08-holaMundo\U01_T08_HolaMundo\U01_T08_HolaMundo.csproj", "{A0D4584F-D1CC-4C4D-822A-702D0B66E3BE}"
EndProject
Project("{FAE04EC0-301F-11D3-BF4B-00C04F79EFBC}") = "U01_T08_HolaMundoCompleto", "01-teoria\unidad-01\08-holaMundo\U01_T08_HolaMundoCompleto\U01_T08_HolaMundoCompleto.csproj", "{8D1825A3-D1D9-4117-B870-ED5B4A8A84AD}"
EndProject
Project("{2150E333-8FDC-42A3-9474-1A3956D46DE8}") = "02-ejercicios", "02-ejercicios", "{B6B174F9-ADCB-465C-928A-9E60B71258E2}"
EndProject
Project("{2150E333-8FDC-42A3-9474-1A3956D46DE8}") = "unidad-01", "unidad-01", "{981D5690-00D9-4784-841A-AEC21D473E42}"
EndProject
Project("{FAE04EC0-301F-11D3-BF4B-00C04F79EFBC}") = "U01_EJ01", "02-ejercicios\unidad-01\U01_EJ01\U01_EJ01.csproj", "{E0E011CC-097D-40F0-9AEC-043A9636EC44}"
EndProject
Project("{2150E333-8FDC-42A3-9474-1A3956D46DE8}") = "unidad-02", "unidad-02", "{FAA075B9-F123-4CFC-8C9E-41969237EA12}"
EndProject
Project("{FAE04EC0-301F-11D3-BF4B-00C04F79EFBC}") = "U02_EJ01", "02-ejercicios\unidad-02\U02_EJ01\U02_EJ01.csproj", "{08B1B380-621E-49DA-87B5-3E00424D53E5}"
EndProject
Project("{FAE04EC0-301F-11D3-BF4B-00C04F79EFBC}") = "U02_EJ02", "02-ejercicios\unidad-02\U02_EJ02\U02_EJ02.csproj", "{70DE53D5-93AE-48FA-8494-54AEF407B8AA}"
EndProject
Project("{FAE04EC0-301F-11D3-BF4B-00C04F79EFBC}") = "U02_EJ03", "02-ejercicios\unidad-02\U02_EJ03\U02_EJ03.csproj", "{BD2BBF24-8C35-401D-A975-5E5614DA2C1E}"
EndProject
Project("{FAE04EC0-301F-11D3-BF4B-00C04F79EFBC}") = "U02_EJ04", "02-ejercicios\unidad-02\U02_EJ04\U02_EJ04.csproj", "{1F6EAA78-DFF8-46CF-BB89-6E79903A8124}"
EndProject
Project("{FAE04EC0-301F-11D3-BF4B-00C04F79EFBC}") = "U02_EJ05", "02-ejercicios\unidad-02\U02_EJ05\U02_EJ05.csproj", "{922694CD-D0A1-400C-88B0-74915DA9E4DA}"
EndProject
Project("{FAE04EC0-301F-11D3-BF4B-00C04F79EFBC}") = "U02_EJ06", "02-ejercicios\unidad-02\U02_EJ06\U02_EJ06.csproj", "{B9692540-2E6C-4816-8E7F-DB888BBA10CA}"
EndProject
Project("{FAE04EC0-301F-11D3-BF4B-00C04F79EFBC}") = "U02_EJ07", "02-ejercicios\unidad-02\U02_EJ07\U02_EJ07.csproj", "{1D27DB3A-935A-4592-A98F-BC3D063CA604}"
EndProject
Project("{FAE04EC0-301F-11D3-BF4B-00C04F79EFBC}") = "U02_EJ08", "02-ejercicios\unidad-02\U02_EJ08\U02_EJ08.csproj", "{DF56A8B1-FB00-4ED8-9980-56521DA46A3F}"
EndProject
Project("{FAE04EC0-301F-11D3-BF4B-00C04F79EFBC}") = "U02_EJ09", "02-ejercicios\unidad-02\U02_EJ09\U02_EJ09.csproj", "{6F60FB6E-6CDD-4B52-9FE6-AFC2D028E8DF}"
EndProject
Project("{FAE04EC0-301F-11D3-BF4B-00C04F79EFBC}") = "U02_EJ10", "02-ejercicios\unidad-02\U02_EJ10\U02_EJ10.csproj", "{44C344C2-EF57-4C2A-8EF1-EF55DD9B3ADD}"
EndProject
Project("{2150E333-8FDC-42A3-9474-1A3956D46DE8}") = "unidad-03", "unidad-03", "{1B106181-A5A3-47F8-BB42-6D8845FD40B0}"
EndProject
Project("{2150E333-8FDC-42A3-9474-1A3956D46DE8}") = "01-condicionales", "01-condicionales", "{B38F0E7B-213A-46B6-9B83-FDA31A068818}"
EndProject
Project("{FAE04EC0-301F-11D3-BF4B-00C04F79EFBC}") = "U03_T01_condicionales", "01-teoria\unidad-03\01-condicionales\U03_T01_condicionales\U03_T01_condicionales.csproj", "{F4FDA91A-143D-429F-95FC-5C9E351E84DE}"
EndProject
Project("{2150E333-8FDC-42A3-9474-1A3956D46DE8}") = "02-acumularContar", "02-acumularContar", "{1A9A507E-CD90-4031-8597-9C02E45B513C}"
EndProject
Project("{FAE04EC0-301F-11D3-BF4B-00C04F79EFBC}") = "U03_T02_acumularContar", "01-teoria\unidad-03\02-acumularContar\U03_T02_acumularContar\U03_T02_acumularContar.csproj", "{CBC4F686-5BBC-4F7B-9D48-3ED9DFEC5175}"
EndProject
Project("{2150E333-8FDC-42A3-9474-1A3956D46DE8}") = "unidad-03", "unidad-03", "{F07081C5-29BE-41D1-93AD-C624C116DDD5}"
EndProject
Project("{FAE04EC0-301F-11D3-BF4B-00C04F79EFBC}") = "U03_EJ01", "02-ejercicios\unidad-03\U03_EJ01\U03_EJ01.csproj", "{508DF32F-3DBF-4536-B2BD-27D7A4693A73}"
EndProject
Project("{FAE04EC0-301F-11D3-BF4B-00C04F79EFBC}") = "U03_EJ02", "02-ejercicios\unidad-03\U03_EJ02\U03_EJ02.csproj", "{E7C11C74-CA2E-466C-8120-D404369B6355}"
EndProject
Project("{FAE04EC0-301F-11D3-BF4B-00C04F79EFBC}") = "U03_EJ03", "02-ejercicios\unidad-03\U03_EJ03\U03_EJ03.csproj", "{1FB6FE2E-8F0E-4993-A4DE-4D987443AFEA}"
EndProject
Project("{FAE04EC0-301F-11D3-BF4B-00C04F79EFBC}") = "U03_EJ04", "02-ejercicios\unidad-03\U03_EJ04\U03_EJ04.csproj", "{A47EA929-28BC-4C25-B306-A2A4C377B621}"
EndProject
Project("{FAE04EC0-301F-11D3-BF4B-00C04F79EFBC}") = "U03_EJ05", "02-ejercicios\unidad-03\U03_EJ05\U03_EJ05.csproj", "{D1AD6E2D-DD70-463C-8097-F3EE3D066327}"
EndProject
Project("{FAE04EC0-301F-11D3-BF4B-00C04F79EFBC}") = "U03_EJ06", "02-ejercicios\unidad-03\U03_EJ06\U03_EJ06.csproj", "{DAE8C655-ABC9-4BC2-8270-3FE50EF4A1D6}"
EndProject
Project("{FAE04EC0-301F-11D3-BF4B-00C04F79EFBC}") = "U03_EJ07", "02-ejercicios\unidad-03\U03_EJ07\U03_EJ07.csproj", "{D128C1C7-D1E3-4AC7-A1A2-AA8B0B8DEA6A}"
EndProject
Project("{FAE04EC0-301F-11D3-BF4B-00C04F79EFBC}") = "U03_EJ08", "02-ejercicios\unidad-03\U03_EJ08\U03_EJ08.csproj", "{7DC30D49-EB50-4A02-85E8-7B4081815588}"
EndProject
Project("{FAE04EC0-301F-11D3-BF4B-00C04F79EFBC}") = "U03_EJ09", "02-ejercicios\unidad-03\U03_EJ09\U03_EJ09.csproj", "{E81AAD43-80B7-46A0-A8D9-EC4DC3E066DB}"
EndProject
Project("{FAE04EC0-301F-11D3-BF4B-00C04F79EFBC}") = "U03_EJ10", "02-ejercicios\unidad-03\U03_EJ10\U03_EJ10.csproj", "{1743223D-8187-4E5E-B5D4-32D04EAD1AFA}"
EndProject
Project("{FAE04EC0-301F-11D3-BF4B-00C04F79EFBC}") = "U03_EJ11", "02-ejercicios\unidad-03\U03_EJ11\U03_EJ11.csproj", "{1AE6FC35-6703-4034-B055-62D4D429E5F4}"
EndProject
Project("{FAE04EC0-301F-11D3-BF4B-00C04F79EFBC}") = "U03_EJ12", "02-ejercicios\unidad-03\U03_EJ12\U03_EJ12.csproj", "{ADE3F0A4-EA75-44DF-B6BE-C61414BFE76E}"
EndProject
Project("{2150E333-8FDC-42A3-9474-1A3956D46DE8}") = "unidad-04", "unidad-04", "{6B2CD658-F39D-45EF-AEE6-9FA70C1CEB05}"
EndProject
Project("{2150E333-8FDC-42A3-9474-1A3956D46DE8}") = "01-operadoresLogicos", "01-operadoresLogicos", "{5ED40087-B1F2-4CA4-A1DC-0B00FCCDB8C7}"
EndProject
Project("{FAE04EC0-301F-11D3-BF4B-00C04F79EFBC}") = "U04_T01_operadoresLogicos", "01-teoria\unidad-04\01-operadoresLogicos\U04_T01_operadoresLogicos\U04_T01_operadoresLogicos.csproj", "{ADA84F3D-84B4-45D2-8D91-3337FA986B0C}"
EndProject
Project("{2150E333-8FDC-42A3-9474-1A3956D46DE8}") = "02-switch", "02-switch", "{719A830B-1D57-484F-91BC-873070035CA5}"
EndProject
Project("{FAE04EC0-301F-11D3-BF4B-00C04F79EFBC}") = "U04_T02_switch", "01-teoria\unidad-04\02-switch\U04_T02_switch\U04_T02_switch.csproj", "{FFF48EA3-DC86-46B7-9746-AED4B705F6E4}"
EndProject
Project("{2150E333-8FDC-42A3-9474-1A3956D46DE8}") = "unidad-04", "unidad-04", "{001CACFA-95D3-4C42-AE3A-E069C585EF97}"
EndProject
Project("{FAE04EC0-301F-11D3-BF4B-00C04F79EFBC}") = "U04_EJ01", "02-ejercicios\unidad-04\U04_EJ01\U04_EJ01.csproj", "{BEC845EA-E879-43BE-874B-BD693EC02947}"
EndProject
Project("{FAE04EC0-301F-11D3-BF4B-00C04F79EFBC}") = "U04_EJ02", "02-ejercicios\unidad-04\U04_EJ02\U04_EJ02.csproj", "{28F0CD92-422A-4FD4-B783-9899E6BA6F14}"
EndProject
Project("{FAE04EC0-301F-11D3-BF4B-00C04F79EFBC}") = "U04_EJ03", "02-ejercicios\unidad-04\U04_EJ03\U04_EJ03.csproj", "{CCDC6C20-5BD0-4425-9F2E-4DB4C0980C40}"
EndProject
Project("{FAE04EC0-301F-11D3-BF4B-00C04F79EFBC}") = "U04_EJ04", "02-ejercicios\unidad-04\U04_EJ04\U04_EJ04.csproj", "{7C0CD286-25D4-4346-9AC7-B86B81043E12}"
EndProject
Project("{FAE04EC0-301F-11D3-BF4B-00C04F79EFBC}") = "U04_EJ05", "02-ejercicios\unidad-04\U04_EJ05\U04_EJ05.csproj", "{9C23817F-F881-4AAC-8306-F93D910F247A}"
EndProject
Project("{FAE04EC0-301F-11D3-BF4B-00C04F79EFBC}") = "U04_EJ06", "02-ejercicios\unidad-04\U04_EJ06\U04_EJ06.csproj", "{C1E60AFF-663A-4458-A4FE-7E7F2CFA596C}"
EndProject
Project("{FAE04EC0-301F-11D3-BF4B-00C04F79EFBC}") = "U04_EJ07", "02-ejercicios\unidad-04\U04_EJ07\U04_EJ07.csproj", "{8019FF5D-25BC-4FBF-A8BA-E5AA11086F95}"
EndProject
Project("{FAE04EC0-301F-11D3-BF4B-00C04F79EFBC}") = "U04_EJ08", "02-ejercicios\unidad-04\U04_EJ08\U04_EJ08.csproj", "{066F126D-FB26-44FE-A0B7-45A7CE484F18}"
EndProject
Project("{FAE04EC0-301F-11D3-BF4B-00C04F79EFBC}") = "U04_EJ09", "02-ejercicios\unidad-04\U04_EJ09\U04_EJ09.csproj", "{3E84456E-7659-49DE-BEC2-8C54E11194F0}"
EndProject
Project("{FAE04EC0-301F-11D3-BF4B-00C04F79EFBC}") = "U04_EJ10", "02-ejercicios\unidad-04\U04_EJ10\U04_EJ10.csproj", "{E4C6C633-0BB5-4873-AFFE-A904FA89549B}"
EndProject
Project("{FAE04EC0-301F-11D3-BF4B-00C04F79EFBC}") = "U04_EJ11", "02-ejercicios\unidad-04\U04_EJ11\U04_EJ11.csproj", "{F5EF60D0-6EA3-4E7F-A1B8-5DD867EB189A}"
EndProject
Project("{FAE04EC0-301F-11D3-BF4B-00C04F79EFBC}") = "U04_EJ12", "02-ejercicios\unidad-04\U04_EJ12\U04_EJ12.csproj", "{CDD2A39E-7C2D-493F-9D29-A0AAD7789131}"
EndProject
Project("{2150E333-8FDC-42A3-9474-1A3956D46DE8}") = "unidad-05", "unidad-05", "{01CF04C7-1B41-4F9B-9048-8EBC83DCAF40}"
EndProject
Project("{2150E333-8FDC-42A3-9474-1A3956D46DE8}") = "01-cicloFor", "01-cicloFor", "{82FDF754-6CC0-47C2-8B37-E411EA40CF79}"
EndProject
Project("{FAE04EC0-301F-11D3-BF4B-00C04F79EFBC}") = "U05_T01_cicloFor", "01-teoria\unidad-05\01-cicloFor\U05_T01_cicloFor\U05_T01_cicloFor.csproj", "{BA444B64-828B-4D3F-A2A8-208D04F2F7F0}"
EndProject
Project("{2150E333-8FDC-42A3-9474-1A3956D46DE8}") = "02-cicloWhile", "02-cicloWhile", "{D4CBDFF3-4BF1-41AC-8987-25655971D58C}"
EndProject
Project("{FAE04EC0-301F-11D3-BF4B-00C04F79EFBC}") = "U05_T02_cicloWhile", "01-teoria\unidad-05\02-cicloWhile\U05_T02_cicloWhile\U05_T02_cicloWhile.csproj", "{394AA294-C95B-45DF-8E61-63A3C7E0D65A}"
EndProject
Project("{2150E333-8FDC-42A3-9474-1A3956D46DE8}") = "03-cicloDoWhile", "03-cicloDoWhile", "{EA896FA2-CF6F-4993-94BE-08BBA050298E}"
EndProject
Project("{FAE04EC0-301F-11D3-BF4B-00C04F79EFBC}") = "U05_T03_cicloDoWhile", "01-teoria\unidad-05\03-cicloDoWhile\U05_T03_cicloDoWhile\U05_T03_cicloDoWhile.csproj", "{3234BECB-10A0-4E81-887E-04ACEA474C8E}"
EndProject
Project("{2150E333-8FDC-42A3-9474-1A3956D46DE8}") = "unidad-05", "unidad-05", "{635B0672-CCCB-4F66-8521-837E9095C73C}"
EndProject
Project("{FAE04EC0-301F-11D3-BF4B-00C04F79EFBC}") = "U05_EJ01", "02-ejercicios\unidad-05\U05_EJ01\U05_EJ01.csproj", "{A4777A1C-F94D-432D-91FD-3E3A92BA7653}"
EndProject
Project("{FAE04EC0-301F-11D3-BF4B-00C04F79EFBC}") = "U05_EJ02", "02-ejercicios\unidad-05\U05_EJ02\U05_EJ02.csproj", "{A14D22FD-989C-4E21-8A4B-8D3141A5AC8A}"
EndProject
Project("{FAE04EC0-301F-11D3-BF4B-00C04F79EFBC}") = "U05_EJ03", "02-ejercicios\unidad-05\U05_EJ03\U05_EJ03.csproj", "{2DDE1562-68B6-4112-9D97-43FEE2D08119}"
EndProject
Project("{FAE04EC0-301F-11D3-BF4B-00C04F79EFBC}") = "U05_EJ04", "02-ejercicios\unidad-05\U05_EJ04\U05_EJ04.csproj", "{F77B834E-F863-4877-88D5-104C5C1FE9F2}"
EndProject
Project("{FAE04EC0-301F-11D3-BF4B-00C04F79EFBC}") = "U05_EJ05", "02-ejercicios\unidad-05\U05_EJ05\U05_EJ05.csproj", "{B9035B3D-A021-4D62-A020-325EF82E986D}"
EndProject
Project("{FAE04EC0-301F-11D3-BF4B-00C04F79EFBC}") = "U05_EJ06", "02-ejercicios\unidad-05\U05_EJ06\U05_EJ06.csproj", "{E19935D7-854C-4AE4-AFF0-17B222A53B68}"
EndProject
Project("{FAE04EC0-301F-11D3-BF4B-00C04F79EFBC}") = "U05_EJ07", "02-ejercicios\unidad-05\U05_EJ07\U05_EJ07.csproj", "{FA8B6233-3601-4B36-B849-D3205528564A}"
EndProject
Project("{FAE04EC0-301F-11D3-BF4B-00C04F79EFBC}") = "U05_EJ08", "02-ejercicios\unidad-05\U05_EJ08\U05_EJ08.csproj", "{A1C42A58-C1D2-4F52-9ED4-FA7C775D099D}"
EndProject
Project("{FAE04EC0-301F-11D3-BF4B-00C04F79EFBC}") = "U05_EJ09", "02-ejercicios\unidad-05\U05_EJ09\U05_EJ09.csproj", "{F36BFB8A-9E7D-4185-845D-099BB0F36964}"
EndProject
Project("{FAE04EC0-301F-11D3-BF4B-00C04F79EFBC}") = "U05_EJ10", "02-ejercicios\unidad-05\U05_EJ10\U05_EJ10.csproj", "{30D4CB46-C6C3-4FD8-95B5-F979FEABE104}"
EndProject
Project("{FAE04EC0-301F-11D3-BF4B-00C04F79EFBC}") = "U05_EJ11", "02-ejercicios\unidad-05\U05_EJ11\U05_EJ11.csproj", "{E741B87A-1C9F-4203-A06F-46FEAB4D4B17}"
EndProject
Global
	GlobalSection(SolutionConfigurationPlatforms) = preSolution
		Debug|Any CPU = Debug|Any CPU
		Release|Any CPU = Release|Any CPU
	EndGlobalSection
	GlobalSection(SolutionProperties) = preSolution
		HideSolutionNode = FALSE
	EndGlobalSection
	GlobalSection(ProjectConfigurationPlatforms) = postSolution
		{A0D4584F-D1CC-4C4D-822A-702D0B66E3BE}.Debug|Any CPU.ActiveCfg = Debug|Any CPU
		{A0D4584F-D1CC-4C4D-822A-702D0B66E3BE}.Debug|Any CPU.Build.0 = Debug|Any CPU
		{A0D4584F-D1CC-4C4D-822A-702D0B66E3BE}.Release|Any CPU.ActiveCfg = Release|Any CPU
		{A0D4584F-D1CC-4C4D-822A-702D0B66E3BE}.Release|Any CPU.Build.0 = Release|Any CPU
		{8D1825A3-D1D9-4117-B870-ED5B4A8A84AD}.Debug|Any CPU.ActiveCfg = Debug|Any CPU
		{8D1825A3-D1D9-4117-B870-ED5B4A8A84AD}.Debug|Any CPU.Build.0 = Debug|Any CPU
		{8D1825A3-D1D9-4117-B870-ED5B4A8A84AD}.Release|Any CPU.ActiveCfg = Release|Any CPU
		{8D1825A3-D1D9-4117-B870-ED5B4A8A84AD}.Release|Any CPU.Build.0 = Release|Any CPU
		{E0E011CC-097D-40F0-9AEC-043A9636EC44}.Debug|Any CPU.ActiveCfg = Debug|Any CPU
		{E0E011CC-097D-40F0-9AEC-043A9636EC44}.Debug|Any CPU.Build.0 = Debug|Any CPU
		{E0E011CC-097D-40F0-9AEC-043A9636EC44}.Release|Any CPU.ActiveCfg = Release|Any CPU
		{E0E011CC-097D-40F0-9AEC-043A9636EC44}.Release|Any CPU.Build.0 = Release|Any CPU
		{08B1B380-621E-49DA-87B5-3E00424D53E5}.Debug|Any CPU.ActiveCfg = Debug|Any CPU
		{08B1B380-621E-49DA-87B5-3E00424D53E5}.Debug|Any CPU.Build.0 = Debug|Any CPU
		{08B1B380-621E-49DA-87B5-3E00424D53E5}.Release|Any CPU.ActiveCfg = Release|Any CPU
		{08B1B380-621E-49DA-87B5-3E00424D53E5}.Release|Any CPU.Build.0 = Release|Any CPU
		{70DE53D5-93AE-48FA-8494-54AEF407B8AA}.Debug|Any CPU.ActiveCfg = Debug|Any CPU
		{70DE53D5-93AE-48FA-8494-54AEF407B8AA}.Debug|Any CPU.Build.0 = Debug|Any CPU
		{70DE53D5-93AE-48FA-8494-54AEF407B8AA}.Release|Any CPU.ActiveCfg = Release|Any CPU
		{70DE53D5-93AE-48FA-8494-54AEF407B8AA}.Release|Any CPU.Build.0 = Release|Any CPU
		{BD2BBF24-8C35-401D-A975-5E5614DA2C1E}.Debug|Any CPU.ActiveCfg = Debug|Any CPU
		{BD2BBF24-8C35-401D-A975-5E5614DA2C1E}.Debug|Any CPU.Build.0 = Debug|Any CPU
		{BD2BBF24-8C35-401D-A975-5E5614DA2C1E}.Release|Any CPU.ActiveCfg = Release|Any CPU
		{BD2BBF24-8C35-401D-A975-5E5614DA2C1E}.Release|Any CPU.Build.0 = Release|Any CPU
		{1F6EAA78-DFF8-46CF-BB89-6E79903A8124}.Debug|Any CPU.ActiveCfg = Debug|Any CPU
		{1F6EAA78-DFF8-46CF-BB89-6E79903A8124}.Debug|Any CPU.Build.0 = Debug|Any CPU
		{1F6EAA78-DFF8-46CF-BB89-6E79903A8124}.Release|Any CPU.ActiveCfg = Release|Any CPU
		{1F6EAA78-DFF8-46CF-BB89-6E79903A8124}.Release|Any CPU.Build.0 = Release|Any CPU
		{922694CD-D0A1-400C-88B0-74915DA9E4DA}.Debug|Any CPU.ActiveCfg = Debug|Any CPU
		{922694CD-D0A1-400C-88B0-74915DA9E4DA}.Debug|Any CPU.Build.0 = Debug|Any CPU
		{922694CD-D0A1-400C-88B0-74915DA9E4DA}.Release|Any CPU.ActiveCfg = Release|Any CPU
		{922694CD-D0A1-400C-88B0-74915DA9E4DA}.Release|Any CPU.Build.0 = Release|Any CPU
		{B9692540-2E6C-4816-8E7F-DB888BBA10CA}.Debug|Any CPU.ActiveCfg = Debug|Any CPU
		{B9692540-2E6C-4816-8E7F-DB888BBA10CA}.Debug|Any CPU.Build.0 = Debug|Any CPU
		{B9692540-2E6C-4816-8E7F-DB888BBA10CA}.Release|Any CPU.ActiveCfg = Release|Any CPU
		{B9692540-2E6C-4816-8E7F-DB888BBA10CA}.Release|Any CPU.Build.0 = Release|Any CPU
		{1D27DB3A-935A-4592-A98F-BC3D063CA604}.Debug|Any CPU.ActiveCfg = Debug|Any CPU
		{1D27DB3A-935A-4592-A98F-BC3D063CA604}.Debug|Any CPU.Build.0 = Debug|Any CPU
		{1D27DB3A-935A-4592-A98F-BC3D063CA604}.Release|Any CPU.ActiveCfg = Release|Any CPU
		{1D27DB3A-935A-4592-A98F-BC3D063CA604}.Release|Any CPU.Build.0 = Release|Any CPU
		{DF56A8B1-FB00-4ED8-9980-56521DA46A3F}.Debug|Any CPU.ActiveCfg = Debug|Any CPU
		{DF56A8B1-FB00-4ED8-9980-56521DA46A3F}.Debug|Any CPU.Build.0 = Debug|Any CPU
		{DF56A8B1-FB00-4ED8-9980-56521DA46A3F}.Release|Any CPU.ActiveCfg = Release|Any CPU
		{DF56A8B1-FB00-4ED8-9980-56521DA46A3F}.Release|Any CPU.Build.0 = Release|Any CPU
		{6F60FB6E-6CDD-4B52-9FE6-AFC2D028E8DF}.Debug|Any CPU.ActiveCfg = Debug|Any CPU
		{6F60FB6E-6CDD-4B52-9FE6-AFC2D028E8DF}.Debug|Any CPU.Build.0 = Debug|Any CPU
		{6F60FB6E-6CDD-4B52-9FE6-AFC2D028E8DF}.Release|Any CPU.ActiveCfg = Release|Any CPU
		{6F60FB6E-6CDD-4B52-9FE6-AFC2D028E8DF}.Release|Any CPU.Build.0 = Release|Any CPU
		{44C344C2-EF57-4C2A-8EF1-EF55DD9B3ADD}.Debug|Any CPU.ActiveCfg = Debug|Any CPU
		{44C344C2-EF57-4C2A-8EF1-EF55DD9B3ADD}.Debug|Any CPU.Build.0 = Debug|Any CPU
		{44C344C2-EF57-4C2A-8EF1-EF55DD9B3ADD}.Release|Any CPU.ActiveCfg = Release|Any CPU
		{44C344C2-EF57-4C2A-8EF1-EF55DD9B3ADD}.Release|Any CPU.Build.0 = Release|Any CPU
		{F4FDA91A-143D-429F-95FC-5C9E351E84DE}.Debug|Any CPU.ActiveCfg = Debug|Any CPU
		{F4FDA91A-143D-429F-95FC-5C9E351E84DE}.Debug|Any CPU.Build.0 = Debug|Any CPU
		{F4FDA91A-143D-429F-95FC-5C9E351E84DE}.Release|Any CPU.ActiveCfg = Release|Any CPU
		{F4FDA91A-143D-429F-95FC-5C9E351E84DE}.Release|Any CPU.Build.0 = Release|Any CPU
		{CBC4F686-5BBC-4F7B-9D48-3ED9DFEC5175}.Debug|Any CPU.ActiveCfg = Debug|Any CPU
		{CBC4F686-5BBC-4F7B-9D48-3ED9DFEC5175}.Debug|Any CPU.Build.0 = Debug|Any CPU
		{CBC4F686-5BBC-4F7B-9D48-3ED9DFEC5175}.Release|Any CPU.ActiveCfg = Release|Any CPU
		{CBC4F686-5BBC-4F7B-9D48-3ED9DFEC5175}.Release|Any CPU.Build.0 = Release|Any CPU
		{508DF32F-3DBF-4536-B2BD-27D7A4693A73}.Debug|Any CPU.ActiveCfg = Debug|Any CPU
		{508DF32F-3DBF-4536-B2BD-27D7A4693A73}.Debug|Any CPU.Build.0 = Debug|Any CPU
		{508DF32F-3DBF-4536-B2BD-27D7A4693A73}.Release|Any CPU.ActiveCfg = Release|Any CPU
		{508DF32F-3DBF-4536-B2BD-27D7A4693A73}.Release|Any CPU.Build.0 = Release|Any CPU
		{E7C11C74-CA2E-466C-8120-D404369B6355}.Debug|Any CPU.ActiveCfg = Debug|Any CPU
		{E7C11C74-CA2E-466C-8120-D404369B6355}.Debug|Any CPU.Build.0 = Debug|Any CPU
		{E7C11C74-CA2E-466C-8120-D404369B6355}.Release|Any CPU.ActiveCfg = Release|Any CPU
		{E7C11C74-CA2E-466C-8120-D404369B6355}.Release|Any CPU.Build.0 = Release|Any CPU
		{1FB6FE2E-8F0E-4993-A4DE-4D987443AFEA}.Debug|Any CPU.ActiveCfg = Debug|Any CPU
		{1FB6FE2E-8F0E-4993-A4DE-4D987443AFEA}.Debug|Any CPU.Build.0 = Debug|Any CPU
		{1FB6FE2E-8F0E-4993-A4DE-4D987443AFEA}.Release|Any CPU.ActiveCfg = Release|Any CPU
		{1FB6FE2E-8F0E-4993-A4DE-4D987443AFEA}.Release|Any CPU.Build.0 = Release|Any CPU
		{A47EA929-28BC-4C25-B306-A2A4C377B621}.Debug|Any CPU.ActiveCfg = Debug|Any CPU
		{A47EA929-28BC-4C25-B306-A2A4C377B621}.Debug|Any CPU.Build.0 = Debug|Any CPU
		{A47EA929-28BC-4C25-B306-A2A4C377B621}.Release|Any CPU.ActiveCfg = Release|Any CPU
		{A47EA929-28BC-4C25-B306-A2A4C377B621}.Release|Any CPU.Build.0 = Release|Any CPU
		{D1AD6E2D-DD70-463C-8097-F3EE3D066327}.Debug|Any CPU.ActiveCfg = Debug|Any CPU
		{D1AD6E2D-DD70-463C-8097-F3EE3D066327}.Debug|Any CPU.Build.0 = Debug|Any CPU
		{D1AD6E2D-DD70-463C-8097-F3EE3D066327}.Release|Any CPU.ActiveCfg = Release|Any CPU
		{D1AD6E2D-DD70-463C-8097-F3EE3D066327}.Release|Any CPU.Build.0 = Release|Any CPU
		{DAE8C655-ABC9-4BC2-8270-3FE50EF4A1D6}.Debug|Any CPU.ActiveCfg = Debug|Any CPU
		{DAE8C655-ABC9-4BC2-8270-3FE50EF4A1D6}.Debug|Any CPU.Build.0 = Debug|Any CPU
		{DAE8C655-ABC9-4BC2-8270-3FE50EF4A1D6}.Release|Any CPU.ActiveCfg = Release|Any CPU
		{DAE8C655-ABC9-4BC2-8270-3FE50EF4A1D6}.Release|Any CPU.Build.0 = Release|Any CPU
		{D128C1C7-D1E3-4AC7-A1A2-AA8B0B8DEA6A}.Debug|Any CPU.ActiveCfg = Debug|Any CPU
		{D128C1C7-D1E3-4AC7-A1A2-AA8B0B8DEA6A}.Debug|Any CPU.Build.0 = Debug|Any CPU
		{D128C1C7-D1E3-4AC7-A1A2-AA8B0B8DEA6A}.Release|Any CPU.ActiveCfg = Release|Any CPU
		{D128C1C7-D1E3-4AC7-A1A2-AA8B0B8DEA6A}.Release|Any CPU.Build.0 = Release|Any CPU
		{7DC30D49-EB50-4A02-85E8-7B4081815588}.Debug|Any CPU.ActiveCfg = Debug|Any CPU
		{7DC30D49-EB50-4A02-85E8-7B4081815588}.Debug|Any CPU.Build.0 = Debug|Any CPU
		{7DC30D49-EB50-4A02-85E8-7B4081815588}.Release|Any CPU.ActiveCfg = Release|Any CPU
		{7DC30D49-EB50-4A02-85E8-7B4081815588}.Release|Any CPU.Build.0 = Release|Any CPU
		{E81AAD43-80B7-46A0-A8D9-EC4DC3E066DB}.Debug|Any CPU.ActiveCfg = Debug|Any CPU
		{E81AAD43-80B7-46A0-A8D9-EC4DC3E066DB}.Debug|Any CPU.Build.0 = Debug|Any CPU
		{E81AAD43-80B7-46A0-A8D9-EC4DC3E066DB}.Release|Any CPU.ActiveCfg = Release|Any CPU
		{E81AAD43-80B7-46A0-A8D9-EC4DC3E066DB}.Release|Any CPU.Build.0 = Release|Any CPU
		{1743223D-8187-4E5E-B5D4-32D04EAD1AFA}.Debug|Any CPU.ActiveCfg = Debug|Any CPU
		{1743223D-8187-4E5E-B5D4-32D04EAD1AFA}.Debug|Any CPU.Build.0 = Debug|Any CPU
		{1743223D-8187-4E5E-B5D4-32D04EAD1AFA}.Release|Any CPU.ActiveCfg = Release|Any CPU
		{1743223D-8187-4E5E-B5D4-32D04EAD1AFA}.Release|Any CPU.Build.0 = Release|Any CPU
		{1AE6FC35-6703-4034-B055-62D4D429E5F4}.Debug|Any CPU.ActiveCfg = Debug|Any CPU
		{1AE6FC35-6703-4034-B055-62D4D429E5F4}.Debug|Any CPU.Build.0 = Debug|Any CPU
		{1AE6FC35-6703-4034-B055-62D4D429E5F4}.Release|Any CPU.ActiveCfg = Release|Any CPU
		{1AE6FC35-6703-4034-B055-62D4D429E5F4}.Release|Any CPU.Build.0 = Release|Any CPU
		{ADE3F0A4-EA75-44DF-B6BE-C61414BFE76E}.Debug|Any CPU.ActiveCfg = Debug|Any CPU
		{ADE3F0A4-EA75-44DF-B6BE-C61414BFE76E}.Debug|Any CPU.Build.0 = Debug|Any CPU
		{ADE3F0A4-EA75-44DF-B6BE-C61414BFE76E}.Release|Any CPU.ActiveCfg = Release|Any CPU
		{ADE3F0A4-EA75-44DF-B6BE-C61414BFE76E}.Release|Any CPU.Build.0 = Release|Any CPU
		{ADA84F3D-84B4-45D2-8D91-3337FA986B0C}.Debug|Any CPU.ActiveCfg = Debug|Any CPU
		{ADA84F3D-84B4-45D2-8D91-3337FA986B0C}.Debug|Any CPU.Build.0 = Debug|Any CPU
		{ADA84F3D-84B4-45D2-8D91-3337FA986B0C}.Release|Any CPU.ActiveCfg = Release|Any CPU
		{ADA84F3D-84B4-45D2-8D91-3337FA986B0C}.Release|Any CPU.Build.0 = Release|Any CPU
		{FFF48EA3-DC86-46B7-9746-AED4B705F6E4}.Debug|Any CPU.ActiveCfg = Debug|Any CPU
		{FFF48EA3-DC86-46B7-9746-AED4B705F6E4}.Debug|Any CPU.Build.0 = Debug|Any CPU
		{FFF48EA3-DC86-46B7-9746-AED4B705F6E4}.Release|Any CPU.ActiveCfg = Release|Any CPU
		{FFF48EA3-DC86-46B7-9746-AED4B705F6E4}.Release|Any CPU.Build.0 = Release|Any CPU
		{BEC845EA-E879-43BE-874B-BD693EC02947}.Debug|Any CPU.ActiveCfg = Debug|Any CPU
		{BEC845EA-E879-43BE-874B-BD693EC02947}.Debug|Any CPU.Build.0 = Debug|Any CPU
		{BEC845EA-E879-43BE-874B-BD693EC02947}.Release|Any CPU.ActiveCfg = Release|Any CPU
		{BEC845EA-E879-43BE-874B-BD693EC02947}.Release|Any CPU.Build.0 = Release|Any CPU
		{28F0CD92-422A-4FD4-B783-9899E6BA6F14}.Debug|Any CPU.ActiveCfg = Debug|Any CPU
		{28F0CD92-422A-4FD4-B783-9899E6BA6F14}.Debug|Any CPU.Build.0 = Debug|Any CPU
		{28F0CD92-422A-4FD4-B783-9899E6BA6F14}.Release|Any CPU.ActiveCfg = Release|Any CPU
		{28F0CD92-422A-4FD4-B783-9899E6BA6F14}.Release|Any CPU.Build.0 = Release|Any CPU
		{CCDC6C20-5BD0-4425-9F2E-4DB4C0980C40}.Debug|Any CPU.ActiveCfg = Debug|Any CPU
		{CCDC6C20-5BD0-4425-9F2E-4DB4C0980C40}.Debug|Any CPU.Build.0 = Debug|Any CPU
		{CCDC6C20-5BD0-4425-9F2E-4DB4C0980C40}.Release|Any CPU.ActiveCfg = Release|Any CPU
		{CCDC6C20-5BD0-4425-9F2E-4DB4C0980C40}.Release|Any CPU.Build.0 = Release|Any CPU
		{7C0CD286-25D4-4346-9AC7-B86B81043E12}.Debug|Any CPU.ActiveCfg = Debug|Any CPU
		{7C0CD286-25D4-4346-9AC7-B86B81043E12}.Debug|Any CPU.Build.0 = Debug|Any CPU
		{7C0CD286-25D4-4346-9AC7-B86B81043E12}.Release|Any CPU.ActiveCfg = Release|Any CPU
		{7C0CD286-25D4-4346-9AC7-B86B81043E12}.Release|Any CPU.Build.0 = Release|Any CPU
		{9C23817F-F881-4AAC-8306-F93D910F247A}.Debug|Any CPU.ActiveCfg = Debug|Any CPU
		{9C23817F-F881-4AAC-8306-F93D910F247A}.Debug|Any CPU.Build.0 = Debug|Any CPU
		{9C23817F-F881-4AAC-8306-F93D910F247A}.Release|Any CPU.ActiveCfg = Release|Any CPU
		{9C23817F-F881-4AAC-8306-F93D910F247A}.Release|Any CPU.Build.0 = Release|Any CPU
		{C1E60AFF-663A-4458-A4FE-7E7F2CFA596C}.Debug|Any CPU.ActiveCfg = Debug|Any CPU
		{C1E60AFF-663A-4458-A4FE-7E7F2CFA596C}.Debug|Any CPU.Build.0 = Debug|Any CPU
		{C1E60AFF-663A-4458-A4FE-7E7F2CFA596C}.Release|Any CPU.ActiveCfg = Release|Any CPU
		{C1E60AFF-663A-4458-A4FE-7E7F2CFA596C}.Release|Any CPU.Build.0 = Release|Any CPU
		{8019FF5D-25BC-4FBF-A8BA-E5AA11086F95}.Debug|Any CPU.ActiveCfg = Debug|Any CPU
		{8019FF5D-25BC-4FBF-A8BA-E5AA11086F95}.Debug|Any CPU.Build.0 = Debug|Any CPU
		{8019FF5D-25BC-4FBF-A8BA-E5AA11086F95}.Release|Any CPU.ActiveCfg = Release|Any CPU
		{8019FF5D-25BC-4FBF-A8BA-E5AA11086F95}.Release|Any CPU.Build.0 = Release|Any CPU
		{066F126D-FB26-44FE-A0B7-45A7CE484F18}.Debug|Any CPU.ActiveCfg = Debug|Any CPU
		{066F126D-FB26-44FE-A0B7-45A7CE484F18}.Debug|Any CPU.Build.0 = Debug|Any CPU
		{066F126D-FB26-44FE-A0B7-45A7CE484F18}.Release|Any CPU.ActiveCfg = Release|Any CPU
		{066F126D-FB26-44FE-A0B7-45A7CE484F18}.Release|Any CPU.Build.0 = Release|Any CPU
		{3E84456E-7659-49DE-BEC2-8C54E11194F0}.Debug|Any CPU.ActiveCfg = Debug|Any CPU
		{3E84456E-7659-49DE-BEC2-8C54E11194F0}.Debug|Any CPU.Build.0 = Debug|Any CPU
		{3E84456E-7659-49DE-BEC2-8C54E11194F0}.Release|Any CPU.ActiveCfg = Release|Any CPU
		{3E84456E-7659-49DE-BEC2-8C54E11194F0}.Release|Any CPU.Build.0 = Release|Any CPU
		{E4C6C633-0BB5-4873-AFFE-A904FA89549B}.Debug|Any CPU.ActiveCfg = Debug|Any CPU
		{E4C6C633-0BB5-4873-AFFE-A904FA89549B}.Debug|Any CPU.Build.0 = Debug|Any CPU
		{E4C6C633-0BB5-4873-AFFE-A904FA89549B}.Release|Any CPU.ActiveCfg = Release|Any CPU
		{E4C6C633-0BB5-4873-AFFE-A904FA89549B}.Release|Any CPU.Build.0 = Release|Any CPU
		{F5EF60D0-6EA3-4E7F-A1B8-5DD867EB189A}.Debug|Any CPU.ActiveCfg = Debug|Any CPU
		{F5EF60D0-6EA3-4E7F-A1B8-5DD867EB189A}.Debug|Any CPU.Build.0 = Debug|Any CPU
		{F5EF60D0-6EA3-4E7F-A1B8-5DD867EB189A}.Release|Any CPU.ActiveCfg = Release|Any CPU
		{F5EF60D0-6EA3-4E7F-A1B8-5DD867EB189A}.Release|Any CPU.Build.0 = Release|Any CPU
		{CDD2A39E-7C2D-493F-9D29-A0AAD7789131}.Debug|Any CPU.ActiveCfg = Debug|Any CPU
		{CDD2A39E-7C2D-493F-9D29-A0AAD7789131}.Debug|Any CPU.Build.0 = Debug|Any CPU
		{CDD2A39E-7C2D-493F-9D29-A0AAD7789131}.Release|Any CPU.ActiveCfg = Release|Any CPU
		{CDD2A39E-7C2D-493F-9D29-A0AAD7789131}.Release|Any CPU.Build.0 = Release|Any CPU
		{BA444B64-828B-4D3F-A2A8-208D04F2F7F0}.Debug|Any CPU.ActiveCfg = Debug|Any CPU
		{BA444B64-828B-4D3F-A2A8-208D04F2F7F0}.Debug|Any CPU.Build.0 = Debug|Any CPU
		{BA444B64-828B-4D3F-A2A8-208D04F2F7F0}.Release|Any CPU.ActiveCfg = Release|Any CPU
		{BA444B64-828B-4D3F-A2A8-208D04F2F7F0}.Release|Any CPU.Build.0 = Release|Any CPU
		{394AA294-C95B-45DF-8E61-63A3C7E0D65A}.Debug|Any CPU.ActiveCfg = Debug|Any CPU
		{394AA294-C95B-45DF-8E61-63A3C7E0D65A}.Debug|Any CPU.Build.0 = Debug|Any CPU
		{394AA294-C95B-45DF-8E61-63A3C7E0D65A}.Release|Any CPU.ActiveCfg = Release|Any CPU
		{394AA294-C95B-45DF-8E61-63A3C7E0D65A}.Release|Any CPU.Build.0 = Release|Any CPU
		{3234BECB-10A0-4E81-887E-04ACEA474C8E}.Debug|Any CPU.ActiveCfg = Debug|Any CPU
		{3234BECB-10A0-4E81-887E-04ACEA474C8E}.Debug|Any CPU.Build.0 = Debug|Any CPU
		{3234BECB-10A0-4E81-887E-04ACEA474C8E}.Release|Any CPU.ActiveCfg = Release|Any CPU
		{3234BECB-10A0-4E81-887E-04ACEA474C8E}.Release|Any CPU.Build.0 = Release|Any CPU
		{A4777A1C-F94D-432D-91FD-3E3A92BA7653}.Debug|Any CPU.ActiveCfg = Debug|Any CPU
		{A4777A1C-F94D-432D-91FD-3E3A92BA7653}.Debug|Any CPU.Build.0 = Debug|Any CPU
		{A4777A1C-F94D-432D-91FD-3E3A92BA7653}.Release|Any CPU.ActiveCfg = Release|Any CPU
		{A4777A1C-F94D-432D-91FD-3E3A92BA7653}.Release|Any CPU.Build.0 = Release|Any CPU
		{A14D22FD-989C-4E21-8A4B-8D3141A5AC8A}.Debug|Any CPU.ActiveCfg = Debug|Any CPU
		{A14D22FD-989C-4E21-8A4B-8D3141A5AC8A}.Debug|Any CPU.Build.0 = Debug|Any CPU
		{A14D22FD-989C-4E21-8A4B-8D3141A5AC8A}.Release|Any CPU.ActiveCfg = Release|Any CPU
		{A14D22FD-989C-4E21-8A4B-8D3141A5AC8A}.Release|Any CPU.Build.0 = Release|Any CPU
		{2DDE1562-68B6-4112-9D97-43FEE2D08119}.Debug|Any CPU.ActiveCfg = Debug|Any CPU
		{2DDE1562-68B6-4112-9D97-43FEE2D08119}.Debug|Any CPU.Build.0 = Debug|Any CPU
		{2DDE1562-68B6-4112-9D97-43FEE2D08119}.Release|Any CPU.ActiveCfg = Release|Any CPU
		{2DDE1562-68B6-4112-9D97-43FEE2D08119}.Release|Any CPU.Build.0 = Release|Any CPU
		{F77B834E-F863-4877-88D5-104C5C1FE9F2}.Debug|Any CPU.ActiveCfg = Debug|Any CPU
		{F77B834E-F863-4877-88D5-104C5C1FE9F2}.Debug|Any CPU.Build.0 = Debug|Any CPU
		{F77B834E-F863-4877-88D5-104C5C1FE9F2}.Release|Any CPU.ActiveCfg = Release|Any CPU
		{F77B834E-F863-4877-88D5-104C5C1FE9F2}.Release|Any CPU.Build.0 = Release|Any CPU
		{B9035B3D-A021-4D62-A020-325EF82E986D}.Debug|Any CPU.ActiveCfg = Debug|Any CPU
		{B9035B3D-A021-4D62-A020-325EF82E986D}.Debug|Any CPU.Build.0 = Debug|Any CPU
		{B9035B3D-A021-4D62-A020-325EF82E986D}.Release|Any CPU.ActiveCfg = Release|Any CPU
		{B9035B3D-A021-4D62-A020-325EF82E986D}.Release|Any CPU.Build.0 = Release|Any CPU
		{E19935D7-854C-4AE4-AFF0-17B222A53B68}.Debug|Any CPU.ActiveCfg = Debug|Any CPU
		{E19935D7-854C-4AE4-AFF0-17B222A53B68}.Debug|Any CPU.Build.0 = Debug|Any CPU
		{E19935D7-854C-4AE4-AFF0-17B222A53B68}.Release|Any CPU.ActiveCfg = Release|Any CPU
		{E19935D7-854C-4AE4-AFF0-17B222A53B68}.Release|Any CPU.Build.0 = Release|Any CPU
		{FA8B6233-3601-4B36-B849-D3205528564A}.Debug|Any CPU.ActiveCfg = Debug|Any CPU
		{FA8B6233-3601-4B36-B849-D3205528564A}.Debug|Any CPU.Build.0 = Debug|Any CPU
		{FA8B6233-3601-4B36-B849-D3205528564A}.Release|Any CPU.ActiveCfg = Release|Any CPU
		{FA8B6233-3601-4B36-B849-D3205528564A}.Release|Any CPU.Build.0 = Release|Any CPU
		{A1C42A58-C1D2-4F52-9ED4-FA7C775D099D}.Debug|Any CPU.ActiveCfg = Debug|Any CPU
		{A1C42A58-C1D2-4F52-9ED4-FA7C775D099D}.Debug|Any CPU.Build.0 = Debug|Any CPU
		{A1C42A58-C1D2-4F52-9ED4-FA7C775D099D}.Release|Any CPU.ActiveCfg = Release|Any CPU
		{A1C42A58-C1D2-4F52-9ED4-FA7C775D099D}.Release|Any CPU.Build.0 = Release|Any CPU
		{F36BFB8A-9E7D-4185-845D-099BB0F36964}.Debug|Any CPU.ActiveCfg = Debug|Any CPU
		{F36BFB8A-9E7D-4185-845D-099BB0F36964}.Debug|Any CPU.Build.0 = Debug|Any CPU
		{F36BFB8A-9E7D-4185-845D-099BB0F36964}.Release|Any CPU.ActiveCfg = Release|Any CPU
		{F36BFB8A-9E7D-4185-845D-099BB0F36964}.Release|Any CPU.Build.0 = Release|Any CPU
		{30D4CB46-C6C3-4FD8-95B5-F979FEABE104}.Debug|Any CPU.ActiveCfg = Debug|Any CPU
		{30D4CB46-C6C3-4FD8-95B5-F979FEABE104}.Debug|Any CPU.Build.0 = Debug|Any CPU
		{30D4CB46-C6C3-4FD8-95B5-F979FEABE104}.Release|Any CPU.ActiveCfg = Release|Any CPU
		{30D4CB46-C6C3-4FD8-95B5-F979FEABE104}.Release|Any CPU.Build.0 = Release|Any CPU
		{E741B87A-1C9F-4203-A06F-46FEAB4D4B17}.Debug|Any CPU.ActiveCfg = Debug|Any CPU
		{E741B87A-1C9F-4203-A06F-46FEAB4D4B17}.Debug|Any CPU.Build.0 = Debug|Any CPU
		{E741B87A-1C9F-4203-A06F-46FEAB4D4B17}.Release|Any CPU.ActiveCfg = Release|Any CPU
		{E741B87A-1C9F-4203-A06F-46FEAB4D4B17}.Release|Any CPU.Build.0 = Release|Any CPU
	EndGlobalSection
	GlobalSection(NestedProjects) = preSolution
		{AC9B2454-B5E2-40C2-B82F-E966651909EB} = {348A8E42-9342-40A7-A673-2FADE49E7900}
		{64ACA41C-9BE4-4BD5-999D-FA2AF5A9F01D} = {AC9B2454-B5E2-40C2-B82F-E966651909EB}
		{A0D4584F-D1CC-4C4D-822A-702D0B66E3BE} = {64ACA41C-9BE4-4BD5-999D-FA2AF5A9F01D}
		{8D1825A3-D1D9-4117-B870-ED5B4A8A84AD} = {64ACA41C-9BE4-4BD5-999D-FA2AF5A9F01D}
		{981D5690-00D9-4784-841A-AEC21D473E42} = {B6B174F9-ADCB-465C-928A-9E60B71258E2}
		{E0E011CC-097D-40F0-9AEC-043A9636EC44} = {981D5690-00D9-4784-841A-AEC21D473E42}
		{FAA075B9-F123-4CFC-8C9E-41969237EA12} = {B6B174F9-ADCB-465C-928A-9E60B71258E2}
		{08B1B380-621E-49DA-87B5-3E00424D53E5} = {FAA075B9-F123-4CFC-8C9E-41969237EA12}
		{70DE53D5-93AE-48FA-8494-54AEF407B8AA} = {FAA075B9-F123-4CFC-8C9E-41969237EA12}
		{BD2BBF24-8C35-401D-A975-5E5614DA2C1E} = {FAA075B9-F123-4CFC-8C9E-41969237EA12}
		{1F6EAA78-DFF8-46CF-BB89-6E79903A8124} = {FAA075B9-F123-4CFC-8C9E-41969237EA12}
		{922694CD-D0A1-400C-88B0-74915DA9E4DA} = {FAA075B9-F123-4CFC-8C9E-41969237EA12}
		{B9692540-2E6C-4816-8E7F-DB888BBA10CA} = {FAA075B9-F123-4CFC-8C9E-41969237EA12}
		{1D27DB3A-935A-4592-A98F-BC3D063CA604} = {FAA075B9-F123-4CFC-8C9E-41969237EA12}
		{DF56A8B1-FB00-4ED8-9980-56521DA46A3F} = {FAA075B9-F123-4CFC-8C9E-41969237EA12}
		{6F60FB6E-6CDD-4B52-9FE6-AFC2D028E8DF} = {FAA075B9-F123-4CFC-8C9E-41969237EA12}
		{44C344C2-EF57-4C2A-8EF1-EF55DD9B3ADD} = {FAA075B9-F123-4CFC-8C9E-41969237EA12}
		{1B106181-A5A3-47F8-BB42-6D8845FD40B0} = {348A8E42-9342-40A7-A673-2FADE49E7900}
		{B38F0E7B-213A-46B6-9B83-FDA31A068818} = {1B106181-A5A3-47F8-BB42-6D8845FD40B0}
		{F4FDA91A-143D-429F-95FC-5C9E351E84DE} = {B38F0E7B-213A-46B6-9B83-FDA31A068818}
		{1A9A507E-CD90-4031-8597-9C02E45B513C} = {1B106181-A5A3-47F8-BB42-6D8845FD40B0}
		{CBC4F686-5BBC-4F7B-9D48-3ED9DFEC5175} = {1A9A507E-CD90-4031-8597-9C02E45B513C}
		{F07081C5-29BE-41D1-93AD-C624C116DDD5} = {B6B174F9-ADCB-465C-928A-9E60B71258E2}
		{508DF32F-3DBF-4536-B2BD-27D7A4693A73} = {F07081C5-29BE-41D1-93AD-C624C116DDD5}
		{E7C11C74-CA2E-466C-8120-D404369B6355} = {F07081C5-29BE-41D1-93AD-C624C116DDD5}
		{1FB6FE2E-8F0E-4993-A4DE-4D987443AFEA} = {F07081C5-29BE-41D1-93AD-C624C116DDD5}
		{A47EA929-28BC-4C25-B306-A2A4C377B621} = {F07081C5-29BE-41D1-93AD-C624C116DDD5}
		{D1AD6E2D-DD70-463C-8097-F3EE3D066327} = {F07081C5-29BE-41D1-93AD-C624C116DDD5}
		{DAE8C655-ABC9-4BC2-8270-3FE50EF4A1D6} = {F07081C5-29BE-41D1-93AD-C624C116DDD5}
		{D128C1C7-D1E3-4AC7-A1A2-AA8B0B8DEA6A} = {F07081C5-29BE-41D1-93AD-C624C116DDD5}
		{7DC30D49-EB50-4A02-85E8-7B4081815588} = {F07081C5-29BE-41D1-93AD-C624C116DDD5}
		{E81AAD43-80B7-46A0-A8D9-EC4DC3E066DB} = {F07081C5-29BE-41D1-93AD-C624C116DDD5}
		{1743223D-8187-4E5E-B5D4-32D04EAD1AFA} = {F07081C5-29BE-41D1-93AD-C624C116DDD5}
		{1AE6FC35-6703-4034-B055-62D4D429E5F4} = {F07081C5-29BE-41D1-93AD-C624C116DDD5}
		{ADE3F0A4-EA75-44DF-B6BE-C61414BFE76E} = {F07081C5-29BE-41D1-93AD-C624C116DDD5}
		{6B2CD658-F39D-45EF-AEE6-9FA70C1CEB05} = {348A8E42-9342-40A7-A673-2FADE49E7900}
		{5ED40087-B1F2-4CA4-A1DC-0B00FCCDB8C7} = {6B2CD658-F39D-45EF-AEE6-9FA70C1CEB05}
		{ADA84F3D-84B4-45D2-8D91-3337FA986B0C} = {5ED40087-B1F2-4CA4-A1DC-0B00FCCDB8C7}
		{719A830B-1D57-484F-91BC-873070035CA5} = {6B2CD658-F39D-45EF-AEE6-9FA70C1CEB05}
		{FFF48EA3-DC86-46B7-9746-AED4B705F6E4} = {719A830B-1D57-484F-91BC-873070035CA5}
		{001CACFA-95D3-4C42-AE3A-E069C585EF97} = {B6B174F9-ADCB-465C-928A-9E60B71258E2}
		{BEC845EA-E879-43BE-874B-BD693EC02947} = {001CACFA-95D3-4C42-AE3A-E069C585EF97}
		{28F0CD92-422A-4FD4-B783-9899E6BA6F14} = {001CACFA-95D3-4C42-AE3A-E069C585EF97}
		{CCDC6C20-5BD0-4425-9F2E-4DB4C0980C40} = {001CACFA-95D3-4C42-AE3A-E069C585EF97}
		{7C0CD286-25D4-4346-9AC7-B86B81043E12} = {001CACFA-95D3-4C42-AE3A-E069C585EF97}
		{9C23817F-F881-4AAC-8306-F93D910F247A} = {001CACFA-95D3-4C42-AE3A-E069C585EF97}
		{C1E60AFF-663A-4458-A4FE-7E7F2CFA596C} = {001CACFA-95D3-4C42-AE3A-E069C585EF97}
		{8019FF5D-25BC-4FBF-A8BA-E5AA11086F95} = {001CACFA-95D3-4C42-AE3A-E069C585EF97}
		{066F126D-FB26-44FE-A0B7-45A7CE484F18} = {001CACFA-95D3-4C42-AE3A-E069C585EF97}
		{3E84456E-7659-49DE-BEC2-8C54E11194F0} = {001CACFA-95D3-4C42-AE3A-E069C585EF97}
		{E4C6C633-0BB5-4873-AFFE-A904FA89549B} = {001CACFA-95D3-4C42-AE3A-E069C585EF97}
		{F5EF60D0-6EA3-4E7F-A1B8-5DD867EB189A} = {001CACFA-95D3-4C42-AE3A-E069C585EF97}
		{CDD2A39E-7C2D-493F-9D29-A0AAD7789131} = {001CACFA-95D3-4C42-AE3A-E069C585EF97}
		{01CF04C7-1B41-4F9B-9048-8EBC83DCAF40} = {348A8E42-9342-40A7-A673-2FADE49E7900}
		{82FDF754-6CC0-47C2-8B37-E411EA40CF79} = {01CF04C7-1B41-4F9B-9048-8EBC83DCAF40}
		{BA444B64-828B-4D3F-A2A8-208D04F2F7F0} = {82FDF754-6CC0-47C2-8B37-E411EA40CF79}
		{D4CBDFF3-4BF1-41AC-8987-25655971D58C} = {01CF04C7-1B41-4F9B-9048-8EBC83DCAF40}
		{394AA294-C95B-45DF-8E61-63A3C7E0D65A} = {D4CBDFF3-4BF1-41AC-8987-25655971D58C}
		{EA896FA2-CF6F-4993-94BE-08BBA050298E} = {01CF04C7-1B41-4F9B-9048-8EBC83DCAF40}
		{3234BECB-10A0-4E81-887E-04ACEA474C8E} = {EA896FA2-CF6F-4993-94BE-08BBA050298E}
		{635B0672-CCCB-4F66-8521-837E9095C73C} = {B6B174F9-ADCB-465C-928A-9E60B71258E2}
		{A4777A1C-F94D-432D-91FD-3E3A92BA7653} = {635B0672-CCCB-4F66-8521-837E9095C73C}
		{A14D22FD-989C-4E21-8A4B-8D3141A5AC8A} = {635B0672-CCCB-4F66-8521-837E9095C73C}
		{2DDE1562-68B6-4112-9D97-43FEE2D08119} = {635B0672-CCCB-4F66-8521-837E9095C73C}
		{F77B834E-F863-4877-88D5-104C5C1FE9F2} = {635B0672-CCCB-4F66-8521-837E9095C73C}
		{B9035B3D-A021-4D62-A020-325EF82E986D} = {635B0672-CCCB-4F66-8521-837E9095C73C}
		{E19935D7-854C-4AE4-AFF0-17B222A53B68} = {635B0672-CCCB-4F66-8521-837E9095C73C}
		{FA8B6233-3601-4B36-B849-D3205528564A} = {635B0672-CCCB-4F66-8521-837E9095C73C}
		{A1C42A58-C1D2-4F52-9ED4-FA7C775D099D} = {635B0672-CCCB-4F66-8521-837E9095C73C}
		{F36BFB8A-9E7D-4185-845D-099BB0F36964} = {635B0672-CCCB-4F66-8521-837E9095C73C}
		{30D4CB46-C6C3-4FD8-95B5-F979FEABE104} = {635B0672-CCCB-4F66-8521-837E9095C73C}
		{E741B87A-1C9F-4203-A06F-46FEAB4D4B17} = {635B0672-CCCB-4F66-8521-837E9095C73C}
	EndGlobalSection
EndGlobal
